{
  "name": "logo-downloadtip-project",
  "version": "1.0.0-alpha.0",
  "lockfileVersion": 3,
  "requires": true,
  "packages": {
    "": {
      "name": "logo-downloadtip-project",
      "license": "MIT",
      "workspaces": [
        "packages/logo-downloadtip"
      ],
      "devDependencies": {
        "@tiagoporto/dependabot-config": "^1.0.0",
        "@tiagoporto/editor-config": "^1.0.0",
        "logo-downloadtip": "0.0.0-development"
      }
    },
    "node_modules/@tiagoporto/dependabot-config": {
      "version": "1.0.0",
      "resolved": "https://registry.npmjs.org/@tiagoporto/dependabot-config/-/dependabot-config-1.0.0.tgz",
      "integrity": "sha512-j0muyjtrASXt7ZMQuq6lN7IVoKKeDCUVKbdgOIp4MxH9zgLJ2vJ0bpRp432UHx63aXGVr6WuFGZvJPXUOGXuUA==",
      "dev": true,
      "hasInstallScript": true,
      "license": "MIT",
      "engines": {
        "node": ">=18"
      }
    },
    "node_modules/@tiagoporto/editor-config": {
      "version": "1.0.0",
      "resolved": "https://registry.npmjs.org/@tiagoporto/editor-config/-/editor-config-1.0.0.tgz",
      "integrity": "sha512-pk7Vo0fPEyxorBpPopKxMsIulElHKcq5XB5zGyNvMw8+uB9H/SdEXD13kuxzm2cqQxu0T42kD6ZKROuWPiBDog==",
      "dev": true,
      "hasInstallScript": true,
      "license": "MIT",
      "engines": {
        "node": ">=18"
      }
    },
    "node_modules/logo-downloadtip": {
      "resolved": "packages/logo-downloadtip",
      "link": true
    },
    "node_modules/popper.js": {
      "version": "1.16.1",
      "resolved": "https://registry.npmjs.org/popper.js/-/popper.js-1.16.1.tgz",
      "integrity": "sha512-Wb4p1J4zyFTbM+u6WuO4XstYx4Ky9Cewe4DWrel7B0w6VVICvPwdOpotjzcf6eD8TsckVnIMNONQyPIUFOUbCQ==",
      "deprecated": "You can find the new Popper v2 at @popperjs/core, this package is dedicated to the legacy v1",
      "dev": true,
      "license": "MIT",
      "funding": {
        "type": "opencollective",
        "url": "https://opencollective.com/popperjs"
      }
    },
    "node_modules/tippy.js": {
      "version": "4.3.5",
      "resolved": "https://registry.npmjs.org/tippy.js/-/tippy.js-4.3.5.tgz",
      "integrity": "sha512-NDq3efte8nGK6BOJ1dDN1/WelAwfmh3UtIYXXck6+SxLzbIQNZE/cmRSnwScZ/FyiKdIcvFHvYUgqmoGx8CcyA==",
      "dev": true,
      "license": "MIT",
      "dependencies": {
        "popper.js": "^1.14.7"
      }
    },
    "packages/logo-downloadtip": {
      "version": "0.0.0-development",
      "license": "MIT",
      "devDependencies": {
        "tippy.js": "^4.3.0"
      },
      "funding": {
        "url": "https://github.com/sponsors/tiagoporto"
      }
    }
  }
}
